
Microsoft Visual Studio Solution File, Format Version 12.00
# Visual Studio Version 16
VisualStudioVersion = 16.0.30621.155
MinimumVisualStudioVersion = 10.0.40219.1
Project("{FAE04EC0-301F-11D3-BF4B-00C04F79EFBC}") = "MeuExport", "MeuExport\MeuExport.csproj", "{74044AEB-D6D4-46A6-A2A3-DD26A9C03465}"
EndProject
Global
	GlobalSection(SolutionConfigurationPlatforms) = preSolution
		Debug|Any CPU = Debug|Any CPU
		Release|Any CPU = Release|Any CPU
	EndGlobalSection
	GlobalSection(ProjectConfigurationPlatforms) = postSolution
		{74044AEB-D6D4-46A6-A2A3-DD26A9C03465}.Debug|Any CPU.ActiveCfg = Debug|Any CPU
		{74044AEB-D6D4-46A6-A2A3-DD26A9C03465}.Debug|Any CPU.Build.0 = Debug|Any CPU
		{74044AEB-D6D4-46A6-A2A3-DD26A9C03465}.Release|Any CPU.ActiveCfg = Release|Any CPU
		{74044AEB-D6D4-46A6-A2A3-DD26A9C03465}.Release|Any CPU.Build.0 = Release|Any CPU
	EndGlobalSection
	GlobalSection(SolutionProperties) = preSolution
		HideSolutionNode = FALSE
	EndGlobalSection
	GlobalSection(ExtensibilityGlobals) = postSolution
		SolutionGuid = {0938D8BB-073B-43B5-9585-E76F4A4664B3}
	EndGlobalSection
EndGlobal
